
Microsoft Visual Studio Solution File, Format Version 12.00
# Visual Studio Version 17
VisualStudioVersion = 17.2.32630.192
MinimumVisualStudioVersion = 10.0.40219.1
Project("{FAE04EC0-301F-11D3-BF4B-00C04F79EFBC}") = "3W6_MVCTest", "3W6_MVCTest\3W6_MVCTest.csproj", "{AEA39D6C-90B1-4C54-8EB8-E25DB9ABCCE8}"
EndProject
Global
	GlobalSection(SolutionConfigurationPlatforms) = preSolution
		Debug|Any CPU = Debug|Any CPU
		Release|Any CPU = Release|Any CPU
	EndGlobalSection
	GlobalSection(ProjectConfigurationPlatforms) = postSolution
		{AEA39D6C-90B1-4C54-8EB8-E25DB9ABCCE8}.Debug|Any CPU.ActiveCfg = Debug|Any CPU
		{AEA39D6C-90B1-4C54-8EB8-E25DB9ABCCE8}.Debug|Any CPU.Build.0 = Debug|Any CPU
		{AEA39D6C-90B1-4C54-8EB8-E25DB9ABCCE8}.Release|Any CPU.ActiveCfg = Release|Any CPU
		{AEA39D6C-90B1-4C54-8EB8-E25DB9ABCCE8}.Release|Any CPU.Build.0 = Release|Any CPU
	EndGlobalSection
	GlobalSection(SolutionProperties) = preSolution
		HideSolutionNode = FALSE
	EndGlobalSection
	GlobalSection(ExtensibilityGlobals) = postSolution
		SolutionGuid = {35A7B728-44A8-4694-AFB9-C3FDDCD7E43F}
	EndGlobalSection
EndGlobal
